
Microsoft Visual Studio Solution File, Format Version 12.00
# Visual Studio 14
VisualStudioVersion = 14.0.24720.0
MinimumVisualStudioVersion = 10.0.40219.1
Project("{2150E333-8FDC-42A3-9474-1A3956D46DE8}") = "Source", "Source", "{0867A0CA-A313-4936-8A90-D756B22A2769}"
EndProject
Project("{2150E333-8FDC-42A3-9474-1A3956D46DE8}") = "Common", "Common", "{86286DB9-D5EA-455C-BD7A-A8AB60B06DD4}"
EndProject
Project("{2150E333-8FDC-42A3-9474-1A3956D46DE8}") = "Data", "Data", "{4AFF5D64-9DF3-42C7-9C02-2340E2D1B613}"
EndProject
Project("{2150E333-8FDC-42A3-9474-1A3956D46DE8}") = "Services", "Services", "{3A1D0218-0372-4170-AE7E-F60D8766CE68}"
EndProject
Project("{2150E333-8FDC-42A3-9474-1A3956D46DE8}") = "Tests", "Tests", "{8AE65194-0126-4E8A-AA5C-C7D73B06A57B}"
EndProject
Project("{2150E333-8FDC-42A3-9474-1A3956D46DE8}") = "Tools", "Tools", "{98FCC145-AF42-4E02-AF01-453C381F7CB7}"
EndProject
Project("{2150E333-8FDC-42A3-9474-1A3956D46DE8}") = "Web", "Web", "{2D38D03C-2CEC-4455-95D3-2E95BE616A99}"
EndProject
Project("{FAE04EC0-301F-11D3-BF4B-00C04F79EFBC}") = "SciHub.Common", "Common\SciHub.Common\SciHub.Common.csproj", "{541092DC-2CFD-4593-88FC-3CC0E0EA87E0}"
EndProject
Project("{FAE04EC0-301F-11D3-BF4B-00C04F79EFBC}") = "SciHub.Data", "Data\SciHub.Data\SciHub.Data.csproj", "{003256C4-7476-40E5-A56F-A297FE413A69}"
EndProject
Project("{FAE04EC0-301F-11D3-BF4B-00C04F79EFBC}") = "SciHub.Data.Common", "Data\SciHub.Data.Common\SciHub.Data.Common.csproj", "{7574E520-169F-49F1-ABE2-CDB409FF0CF1}"
EndProject
Project("{FAE04EC0-301F-11D3-BF4B-00C04F79EFBC}") = "SciHub.Data.Models", "Data\SciHub.Data.Models\SciHub.Data.Models.csproj", "{DBC52910-03D3-4C4E-9222-5BC06B341CCE}"
EndProject
Project("{FAE04EC0-301F-11D3-BF4B-00C04F79EFBC}") = "SciHub.Services.Data", "Services\SciHub.Services.Data\SciHub.Services.Data.csproj", "{8946BAEB-F242-4630-87E1-1C97C1188A47}"
EndProject
Project("{FAE04EC0-301F-11D3-BF4B-00C04F79EFBC}") = "SciHub.Services.Web", "Services\SciHub.Services.Web\SciHub.Services.Web.csproj", "{78265BC5-C2BC-4F15-A61F-D3EDC2CAF8E8}"
EndProject
Project("{FAE04EC0-301F-11D3-BF4B-00C04F79EFBC}") = "SciHub.Web.Infrastructure", "Web\SciHub.Web.Infrastructure\SciHub.Web.Infrastructure.csproj", "{B5D262F1-FCF5-4CF9-BC2D-FAB9FF6EA26C}"
EndProject
Project("{FAE04EC0-301F-11D3-BF4B-00C04F79EFBC}") = "SciHub.Services.Web.Tests", "Tests\SciHub.Services.Web.Tests\SciHub.Services.Web.Tests.csproj", "{E65724E6-EC4C-4AE1-98DE-7F32D6CF556F}"
EndProject
Project("{FAE04EC0-301F-11D3-BF4B-00C04F79EFBC}") = "SciHub.Web.Controllers.Tests", "Tests\SciHub.Web.Controllers.Tests\SciHub.Web.Controllers.Tests.csproj", "{E736D235-7CE0-41D8-BDE6-D4F3BE0827DF}"
EndProject
Project("{FAE04EC0-301F-11D3-BF4B-00C04F79EFBC}") = "SciHub.Web.Routes.Tests", "Tests\SciHub.Web.Routes.Tests\SciHub.Web.Routes.Tests.csproj", "{557657D1-C234-47EB-BD3F-26564DDA40C4}"
EndProject
Project("{FAE04EC0-301F-11D3-BF4B-00C04F79EFBC}") = "SciHub.Web", "Web\SciHub.Web\SciHub.Web.csproj", "{9E2ED629-864D-47B4-B30C-88FC0E2D1840}"
EndProject
Global
	GlobalSection(SolutionConfigurationPlatforms) = preSolution
		Debug|Any CPU = Debug|Any CPU
		Release|Any CPU = Release|Any CPU
	EndGlobalSection
	GlobalSection(ProjectConfigurationPlatforms) = postSolution
		{541092DC-2CFD-4593-88FC-3CC0E0EA87E0}.Debug|Any CPU.ActiveCfg = Debug|Any CPU
		{541092DC-2CFD-4593-88FC-3CC0E0EA87E0}.Debug|Any CPU.Build.0 = Debug|Any CPU
		{541092DC-2CFD-4593-88FC-3CC0E0EA87E0}.Release|Any CPU.ActiveCfg = Release|Any CPU
		{541092DC-2CFD-4593-88FC-3CC0E0EA87E0}.Release|Any CPU.Build.0 = Release|Any CPU
		{003256C4-7476-40E5-A56F-A297FE413A69}.Debug|Any CPU.ActiveCfg = Debug|Any CPU
		{003256C4-7476-40E5-A56F-A297FE413A69}.Debug|Any CPU.Build.0 = Debug|Any CPU
		{003256C4-7476-40E5-A56F-A297FE413A69}.Release|Any CPU.ActiveCfg = Release|Any CPU
		{003256C4-7476-40E5-A56F-A297FE413A69}.Release|Any CPU.Build.0 = Release|Any CPU
		{7574E520-169F-49F1-ABE2-CDB409FF0CF1}.Debug|Any CPU.ActiveCfg = Debug|Any CPU
		{7574E520-169F-49F1-ABE2-CDB409FF0CF1}.Debug|Any CPU.Build.0 = Debug|Any CPU
		{7574E520-169F-49F1-ABE2-CDB409FF0CF1}.Release|Any CPU.ActiveCfg = Release|Any CPU
		{7574E520-169F-49F1-ABE2-CDB409FF0CF1}.Release|Any CPU.Build.0 = Release|Any CPU
		{DBC52910-03D3-4C4E-9222-5BC06B341CCE}.Debug|Any CPU.ActiveCfg = Debug|Any CPU
		{DBC52910-03D3-4C4E-9222-5BC06B341CCE}.Debug|Any CPU.Build.0 = Debug|Any CPU
		{DBC52910-03D3-4C4E-9222-5BC06B341CCE}.Release|Any CPU.ActiveCfg = Release|Any CPU
		{DBC52910-03D3-4C4E-9222-5BC06B341CCE}.Release|Any CPU.Build.0 = Release|Any CPU
		{8946BAEB-F242-4630-87E1-1C97C1188A47}.Debug|Any CPU.ActiveCfg = Debug|Any CPU
		{8946BAEB-F242-4630-87E1-1C97C1188A47}.Debug|Any CPU.Build.0 = Debug|Any CPU
		{8946BAEB-F242-4630-87E1-1C97C1188A47}.Release|Any CPU.ActiveCfg = Release|Any CPU
		{8946BAEB-F242-4630-87E1-1C97C1188A47}.Release|Any CPU.Build.0 = Release|Any CPU
		{78265BC5-C2BC-4F15-A61F-D3EDC2CAF8E8}.Debug|Any CPU.ActiveCfg = Debug|Any CPU
		{78265BC5-C2BC-4F15-A61F-D3EDC2CAF8E8}.Debug|Any CPU.Build.0 = Debug|Any CPU
		{78265BC5-C2BC-4F15-A61F-D3EDC2CAF8E8}.Release|Any CPU.ActiveCfg = Release|Any CPU
		{78265BC5-C2BC-4F15-A61F-D3EDC2CAF8E8}.Release|Any CPU.Build.0 = Release|Any CPU
		{B5D262F1-FCF5-4CF9-BC2D-FAB9FF6EA26C}.Debug|Any CPU.ActiveCfg = Debug|Any CPU
		{B5D262F1-FCF5-4CF9-BC2D-FAB9FF6EA26C}.Debug|Any CPU.Build.0 = Debug|Any CPU
		{B5D262F1-FCF5-4CF9-BC2D-FAB9FF6EA26C}.Release|Any CPU.ActiveCfg = Release|Any CPU
		{B5D262F1-FCF5-4CF9-BC2D-FAB9FF6EA26C}.Release|Any CPU.Build.0 = Release|Any CPU
		{E65724E6-EC4C-4AE1-98DE-7F32D6CF556F}.Debug|Any CPU.ActiveCfg = Debug|Any CPU
		{E65724E6-EC4C-4AE1-98DE-7F32D6CF556F}.Debug|Any CPU.Build.0 = Debug|Any CPU
		{E65724E6-EC4C-4AE1-98DE-7F32D6CF556F}.Release|Any CPU.ActiveCfg = Release|Any CPU
		{E65724E6-EC4C-4AE1-98DE-7F32D6CF556F}.Release|Any CPU.Build.0 = Release|Any CPU
		{E736D235-7CE0-41D8-BDE6-D4F3BE0827DF}.Debug|Any CPU.ActiveCfg = Debug|Any CPU
		{E736D235-7CE0-41D8-BDE6-D4F3BE0827DF}.Debug|Any CPU.Build.0 = Debug|Any CPU
		{E736D235-7CE0-41D8-BDE6-D4F3BE0827DF}.Release|Any CPU.ActiveCfg = Release|Any CPU
		{E736D235-7CE0-41D8-BDE6-D4F3BE0827DF}.Release|Any CPU.Build.0 = Release|Any CPU
		{557657D1-C234-47EB-BD3F-26564DDA40C4}.Debug|Any CPU.ActiveCfg = Debug|Any CPU
		{557657D1-C234-47EB-BD3F-26564DDA40C4}.Debug|Any CPU.Build.0 = Debug|Any CPU
		{557657D1-C234-47EB-BD3F-26564DDA40C4}.Release|Any CPU.ActiveCfg = Release|Any CPU
		{557657D1-C234-47EB-BD3F-26564DDA40C4}.Release|Any CPU.Build.0 = Release|Any CPU
		{9E2ED629-864D-47B4-B30C-88FC0E2D1840}.Debug|Any CPU.ActiveCfg = Debug|Any CPU
		{9E2ED629-864D-47B4-B30C-88FC0E2D1840}.Debug|Any CPU.Build.0 = Debug|Any CPU
		{9E2ED629-864D-47B4-B30C-88FC0E2D1840}.Release|Any CPU.ActiveCfg = Release|Any CPU
		{9E2ED629-864D-47B4-B30C-88FC0E2D1840}.Release|Any CPU.Build.0 = Release|Any CPU
	EndGlobalSection
	GlobalSection(SolutionProperties) = preSolution
		HideSolutionNode = FALSE
	EndGlobalSection
	GlobalSection(NestedProjects) = preSolution
		{86286DB9-D5EA-455C-BD7A-A8AB60B06DD4} = {0867A0CA-A313-4936-8A90-D756B22A2769}
		{4AFF5D64-9DF3-42C7-9C02-2340E2D1B613} = {0867A0CA-A313-4936-8A90-D756B22A2769}
		{3A1D0218-0372-4170-AE7E-F60D8766CE68} = {0867A0CA-A313-4936-8A90-D756B22A2769}
		{8AE65194-0126-4E8A-AA5C-C7D73B06A57B} = {0867A0CA-A313-4936-8A90-D756B22A2769}
		{98FCC145-AF42-4E02-AF01-453C381F7CB7} = {0867A0CA-A313-4936-8A90-D756B22A2769}
		{2D38D03C-2CEC-4455-95D3-2E95BE616A99} = {0867A0CA-A313-4936-8A90-D756B22A2769}
		{541092DC-2CFD-4593-88FC-3CC0E0EA87E0} = {86286DB9-D5EA-455C-BD7A-A8AB60B06DD4}
		{003256C4-7476-40E5-A56F-A297FE413A69} = {4AFF5D64-9DF3-42C7-9C02-2340E2D1B613}
		{7574E520-169F-49F1-ABE2-CDB409FF0CF1} = {4AFF5D64-9DF3-42C7-9C02-2340E2D1B613}
		{DBC52910-03D3-4C4E-9222-5BC06B341CCE} = {4AFF5D64-9DF3-42C7-9C02-2340E2D1B613}
		{8946BAEB-F242-4630-87E1-1C97C1188A47} = {3A1D0218-0372-4170-AE7E-F60D8766CE68}
		{78265BC5-C2BC-4F15-A61F-D3EDC2CAF8E8} = {3A1D0218-0372-4170-AE7E-F60D8766CE68}
		{B5D262F1-FCF5-4CF9-BC2D-FAB9FF6EA26C} = {2D38D03C-2CEC-4455-95D3-2E95BE616A99}
		{E65724E6-EC4C-4AE1-98DE-7F32D6CF556F} = {8AE65194-0126-4E8A-AA5C-C7D73B06A57B}
		{E736D235-7CE0-41D8-BDE6-D4F3BE0827DF} = {8AE65194-0126-4E8A-AA5C-C7D73B06A57B}
		{557657D1-C234-47EB-BD3F-26564DDA40C4} = {8AE65194-0126-4E8A-AA5C-C7D73B06A57B}
		{9E2ED629-864D-47B4-B30C-88FC0E2D1840} = {2D38D03C-2CEC-4455-95D3-2E95BE616A99}
	EndGlobalSection
EndGlobal
